// !$*UTF8*$!
{
	archiveVersion = 1;
	classes = {
	};
	objectVersion = 50;
	objects = {

/* Begin PBXBuildFile section */
		18B75375268DB23100414908 /* ProductModel.swift in Sources */ = {isa = PBXBuildFile; fileRef = 18B75374268DB23100414908 /* ProductModel.swift */; };
		18B75377268DB25E00414908 /* ProductManager.swift in Sources */ = {isa = PBXBuildFile; fileRef = 18B75376268DB25E00414908 /* ProductManager.swift */; };
		18F8803E2684DF2B004C8B5B /* AppDelegate.swift in Sources */ = {isa = PBXBuildFile; fileRef = 18F8803D2684DF2B004C8B5B /* AppDelegate.swift */; };
		18F880402684DF2B004C8B5B /* SceneDelegate.swift in Sources */ = {isa = PBXBuildFile; fileRef = 18F8803F2684DF2B004C8B5B /* SceneDelegate.swift */; };
		18F880422684DF2B004C8B5B /* HomeViewController.swift in Sources */ = {isa = PBXBuildFile; fileRef = 18F880412684DF2B004C8B5B /* HomeViewController.swift */; };
		18F880452684DF2B004C8B5B /* Main.storyboard in Resources */ = {isa = PBXBuildFile; fileRef = 18F880432684DF2B004C8B5B /* Main.storyboard */; };
		18F880472684DF30004C8B5B /* Assets.xcassets in Resources */ = {isa = PBXBuildFile; fileRef = 18F880462684DF30004C8B5B /* Assets.xcassets */; };
		18F8804A2684DF30004C8B5B /* LaunchScreen.storyboard in Resources */ = {isa = PBXBuildFile; fileRef = 18F880482684DF30004C8B5B /* LaunchScreen.storyboard */; };
		18F880572684E421004C8B5B /* APIProductTableViewCell.swift in Sources */ = {isa = PBXBuildFile; fileRef = 18F880562684E421004C8B5B /* APIProductTableViewCell.swift */; };
/* End PBXBuildFile section */

/* Begin PBXFileReference section */
		18B75374268DB23100414908 /* ProductModel.swift */ = {isa = PBXFileReference; lastKnownFileType = sourcecode.swift; path = ProductModel.swift; sourceTree = "<group>"; };
		18B75376268DB25E00414908 /* ProductManager.swift */ = {isa = PBXFileReference; lastKnownFileType = sourcecode.swift; path = ProductManager.swift; sourceTree = "<group>"; };
		18F8803A2684DF2B004C8B5B /* RestAPIDemo.app */ = {isa = PBXFileReference; explicitFileType = wrapper.application; includeInIndex = 0; path = RestAPIDemo.app; sourceTree = BUILT_PRODUCTS_DIR; };
		18F8803D2684DF2B004C8B5B /* AppDelegate.swift */ = {isa = PBXFileReference; lastKnownFileType = sourcecode.swift; path = AppDelegate.swift; sourceTree = "<group>"; };
		18F8803F2684DF2B004C8B5B /* SceneDelegate.swift */ = {isa = PBXFileReference; lastKnownFileType = sourcecode.swift; path = SceneDelegate.swift; sourceTree = "<group>"; };
		18F880412684DF2B004C8B5B /* HomeViewController.swift */ = {isa = PBXFileReference; lastKnownFileType = sourcecode.swift; path = HomeViewController.swift; sourceTree = "<group>"; };
		18F880442684DF2B004C8B5B /* Base */ = {isa = PBXFileReference; lastKnownFileType = file.storyboard; name = Base; path = Base.lproj/Main.storyboard; sourceTree = "<group>"; };
		18F880462684DF30004C8B5B /* Assets.xcassets */ = {isa = PBXFileReference; lastKnownFileType = folder.assetcatalog; path = Assets.xcassets; sourceTree = "<group>"; };
		18F880492684DF30004C8B5B /* Base */ = {isa = PBXFileReference; lastKnownFileType = file.storyboard; name = Base; path = Base.lproj/LaunchScreen.storyboard; sourceTree = "<group>"; };
		18F8804B2684DF30004C8B5B /* Info.plist */ = {isa = PBXFileReference; lastKnownFileType = text.plist.xml; path = Info.plist; sourceTree = "<group>"; };
		18F880562684E421004C8B5B /* APIProductTableViewCell.swift */ = {isa = PBXFileReference; lastKnownFileType = sourcecode.swift; path = APIProductTableViewCell.swift; sourceTree = "<group>"; };
/* End PBXFileReference section */

/* Begin PBXFrameworksBuildPhase section */
		18F880372684DF2B004C8B5B /* Frameworks */ = {
			isa = PBXFrameworksBuildPhase;
			buildActionMask = 2147483647;
			files = (
			);
			runOnlyForDeploymentPostprocessing = 0;
		};
/* End PBXFrameworksBuildPhase section */

/* Begin PBXGroup section */
		18B75371268DB1F800414908 /* Model */ = {
			isa = PBXGroup;
			children = (
				18B75374268DB23100414908 /* ProductModel.swift */,
			);
			path = Model;
			sourceTree = "<group>";
		};
		18B75373268DB20700414908 /* ViewModel */ = {
			isa = PBXGroup;
			children = (
				18B75376268DB25E00414908 /* ProductManager.swift */,
			);
			path = ViewModel;
			sourceTree = "<group>";
		};
		18F880312684DF2B004C8B5B = {
			isa = PBXGroup;
			children = (
				18F8803C2684DF2B004C8B5B /* RestAPIDemo */,
				18F8803B2684DF2B004C8B5B /* Products */,
			);
			sourceTree = "<group>";
		};
		18F8803B2684DF2B004C8B5B /* Products */ = {
			isa = PBXGroup;
			children = (
				18F8803A2684DF2B004C8B5B /* RestAPIDemo.app */,
			);
			name = Products;
			sourceTree = "<group>";
		};
		18F8803C2684DF2B004C8B5B /* RestAPIDemo */ = {
			isa = PBXGroup;
			children = (
				18F880552684E3D8004C8B5B /* Resources */,
				18B75371268DB1F800414908 /* Model */,
				18B75373268DB20700414908 /* ViewModel */,
				18F880522684E3C3004C8B5B /* View */,
				18F880512684E3B5004C8B5B /* Controllers */,
				18F8804B2684DF30004C8B5B /* Info.plist */,
			);
			path = RestAPIDemo;
			sourceTree = "<group>";
		};
		18F880512684E3B5004C8B5B /* Controllers */ = {
			isa = PBXGroup;
			children = (
				18F880412684DF2B004C8B5B /* HomeViewController.swift */,
			);
			path = Controllers;
			sourceTree = "<group>";
		};
		18F880522684E3C3004C8B5B /* View */ = {
			isa = PBXGroup;
			children = (
				18F880542684E3D2004C8B5B /* Cells */,
				18F880532684E3CA004C8B5B /* Storyboards */,
			);
			path = View;
			sourceTree = "<group>";
		};
		18F880532684E3CA004C8B5B /* Storyboards */ = {
			isa = PBXGroup;
			children = (
				18F880432684DF2B004C8B5B /* Main.storyboard */,
				18F880482684DF30004C8B5B /* LaunchScreen.storyboard */,
			);
			path = Storyboards;
			sourceTree = "<group>";
		};
		18F880542684E3D2004C8B5B /* Cells */ = {
			isa = PBXGroup;
			children = (
				18F880562684E421004C8B5B /* APIProductTableViewCell.swift */,
			);
			path = Cells;
			sourceTree = "<group>";
		};
		18F880552684E3D8004C8B5B /* Resources */ = {
			isa = PBXGroup;
			children = (
				18F8803D2684DF2B004C8B5B /* AppDelegate.swift */,
				18F8803F2684DF2B004C8B5B /* SceneDelegate.swift */,
				18F880462684DF30004C8B5B /* Assets.xcassets */,
			);
			path = Resources;
			sourceTree = "<group>";
		};
/* End PBXGroup section */

/* Begin PBXNativeTarget section */
		18F880392684DF2B004C8B5B /* RestAPIDemo */ = {
			isa = PBXNativeTarget;
			buildConfigurationList = 18F8804E2684DF30004C8B5B /* Build configuration list for PBXNativeTarget "RestAPIDemo" */;
			buildPhases = (
				18F880362684DF2B004C8B5B /* Sources */,
				18F880372684DF2B004C8B5B /* Frameworks */,
				18F880382684DF2B004C8B5B /* Resources */,
			);
			buildRules = (
			);
			dependencies = (
			);
			name = RestAPIDemo;
			productName = RestAPIDemo;
			productReference = 18F8803A2684DF2B004C8B5B /* RestAPIDemo.app */;
			productType = "com.apple.product-type.application";
		};
/* End PBXNativeTarget section */

/* Begin PBXProject section */
		18F880322684DF2B004C8B5B /* Project object */ = {
			isa = PBXProject;
			attributes = {
				LastSwiftUpdateCheck = 1250;
				LastUpgradeCheck = 1250;
				TargetAttributes = {
					18F880392684DF2B004C8B5B = {
						CreatedOnToolsVersion = 12.5;
					};
				};
			};
			buildConfigurationList = 18F880352684DF2B004C8B5B /* Build configuration list for PBXProject "RestAPIDemo" */;
			compatibilityVersion = "Xcode 9.3";
			developmentRegion = en;
			hasScannedForEncodings = 0;
			knownRegions = (
				en,
				Base,
			);
			mainGroup = 18F880312684DF2B004C8B5B;
			productRefGroup = 18F8803B2684DF2B004C8B5B /* Products */;
			projectDirPath = "";
			projectRoot = "";
			targets = (
				18F880392684DF2B004C8B5B /* RestAPIDemo */,
			);
		};
/* End PBXProject section */

/* Begin PBXResourcesBuildPhase section */
		18F880382684DF2B004C8B5B /* Resources */ = {
			isa = PBXResourcesBuildPhase;
			buildActionMask = 2147483647;
			files = (
				18F8804A2684DF30004C8B5B /* LaunchScreen.storyboard in Resources */,
				18F880472684DF30004C8B5B /* Assets.xcassets in Resources */,
				18F880452684DF2B004C8B5B /* Main.storyboard in Resources */,
			);
			runOnlyForDeploymentPostprocessing = 0;
		};
/* End PBXResourcesBuildPhase section */

/* Begin PBXSourcesBuildPhase section */
		18F880362684DF2B004C8B5B /* Sources */ = {
			isa = PBXSourcesBuildPhase;
			buildActionMask = 2147483647;
			files = (
				18F880422684DF2B004C8B5B /* HomeViewController.swift in Sources */,
				18B75377268DB25E00414908 /* ProductManager.swift in Sources */,
				18F8803E2684DF2B004C8B5B /* AppDelegate.swift in Sources */,
				18F880572684E421004C8B5B /* APIProductTableViewCell.swift in Sources */,
				18F880402684DF2B004C8B5B /* SceneDelegate.swift in Sources */,
				18B75375268DB23100414908 /* ProductModel.swift in Sources */,
			);
			runOnlyForDeploymentPostprocessing = 0;
		};
/* End PBXSourcesBuildPhase section */

/* Begin PBXVariantGroup section */
		18F880432684DF2B004C8B5B /* Main.storyboard */ = {
			isa = PBXVariantGroup;
			children = (
				18F880442684DF2B004C8B5B /* Base */,
			);
			name = Main.storyboard;
			sourceTree = "<group>";
		};
		18F880482684DF30004C8B5B /* LaunchScreen.storyboard */ = {
			isa = PBXVariantGroup;
			children = (
				18F880492684DF30004C8B5B /* Base */,
			);
			name = LaunchScreen.storyboard;
			sourceTree = "<group>";
		};
/* End PBXVariantGroup section */

/* Begin XCBuildConfiguration section */
		18F8804C2684DF30004C8B5B /* Debug */ = {
			isa = XCBuildConfiguration;
			buildSettings = {
				ALWAYS_SEARCH_USER_PATHS = NO;
				CLANG_ANALYZER_NONNULL = YES;
				CLANG_ANALYZER_NUMBER_OBJECT_CONVERSION = YES_AGGRESSIVE;
				CLANG_CXX_LANGUAGE_STANDARD = "gnu++14";
				CLANG_CXX_LIBRARY = "libc++";
				CLANG_ENABLE_MODULES = YES;
				CLANG_ENABLE_OBJC_ARC = YES;
				CLANG_ENABLE_OBJC_WEAK = YES;
				CLANG_WARN_BLOCK_CAPTURE_AUTORELEASING = YES;
				CLANG_WARN_BOOL_CONVERSION = YES;
				CLANG_WARN_COMMA = YES;
				CLANG_WARN_CONSTANT_CONVERSION = YES;
				CLANG_WARN_DEPRECATED_OBJC_IMPLEMENTATIONS = YES;
				CLANG_WARN_DIRECT_OBJC_ISA_USAGE = YES_ERROR;
				CLANG_WARN_DOCUMENTATION_COMMENTS = YES;
				CLANG_WARN_EMPTY_BODY = YES;
				CLANG_WARN_ENUM_CONVERSION = YES;
				CLANG_WARN_INFINITE_RECURSION = YES;
				CLANG_WARN_INT_CONVERSION = YES;
				CLANG_WARN_NON_LITERAL_NULL_CONVERSION = YES;
				CLANG_WARN_OBJC_IMPLICIT_RETAIN_SELF = YES;
				CLANG_WARN_OBJC_LITERAL_CONVERSION = YES;
				CLANG_WARN_OBJC_ROOT_CLASS = YES_ERROR;
				CLANG_WARN_QUOTED_INCLUDE_IN_FRAMEWORK_HEADER = YES;
				CLANG_WARN_RANGE_LOOP_ANALYSIS = YES;
				CLANG_WARN_STRICT_PROTOTYPES = YES;
				CLANG_WARN_SUSPICIOUS_MOVE = YES;
				CLANG_WARN_UNGUARDED_AVAILABILITY = YES_AGGRESSIVE;
				CLANG_WARN_UNREACHABLE_CODE = YES;
				CLANG_WARN__DUPLICATE_METHOD_MATCH = YES;
				COPY_PHASE_STRIP = NO;
				DEBUG_INFORMATION_FORMAT = dwarf;
				ENABLE_STRICT_OBJC_MSGSEND = YES;
				ENABLE_TESTABILITY = YES;
				GCC_C_LANGUAGE_STANDARD = gnu11;
				GCC_DYNAMIC_NO_PIC = NO;
				GCC_NO_COMMON_BLOCKS = YES;
				GCC_OPTIMIZATION_LEVEL = 0;
				GCC_PREPROCESSOR_DEFINITIONS = (
					"DEBUG=1",
					"$(inherited)",
				);
				GCC_WARN_64_TO_32_BIT_CONVERSION = YES;
				GCC_WARN_ABOUT_RETURN_TYPE = YES_ERROR;
				GCC_WARN_UNDECLARED_SELECTOR = YES;
				GCC_WARN_UNINITIALIZED_AUTOS = YES_AGGRESSIVE;
				GCC_WARN_UNUSED_FUNCTION = YES;
				GCC_WARN_UNUSED_VARIABLE = YES;
				IPHONEOS_DEPLOYMENT_TARGET = 14.5;
				MTL_ENABLE_DEBUG_INFO = INCLUDE_SOURCE;
				MTL_FAST_MATH = YES;
				ONLY_ACTIVE_ARCH = YES;
				SDKROOT = iphoneos;
				SWIFT_ACTIVE_COMPILATION_CONDITIONS = DEBUG;
				SWIFT_OPTIMIZATION_LEVEL = "-Onone";
			};
			name = Debug;
		};
		18F8804D2684DF30004C8B5B /* Release */ = {
			isa = XCBuildConfiguration;
			buildSettings = {
				ALWAYS_SEARCH_USER_PATHS = NO;
				CLANG_ANALYZER_NONNULL = YES;
				CLANG_ANALYZER_NUMBER_OBJECT_CONVERSION = YES_AGGRESSIVE;
				CLANG_CXX_LANGUAGE_STANDARD = "gnu++14";
				CLANG_CXX_LIBRARY = "libc++";
				CLANG_ENABLE_MODULES = YES;
				CLANG_ENABLE_OBJC_ARC = YES;
				CLANG_ENABLE_OBJC_WEAK = YES;
				CLANG_WARN_BLOCK_CAPTURE_AUTORELEASING = YES;
				CLANG_WARN_BOOL_CONVERSION = YES;
				CLANG_WARN_COMMA = YES;
				CLANG_WARN_CONSTANT_CONVERSION = YES;
				CLANG_WARN_DEPRECATED_OBJC_IMPLEMENTATIONS = YES;
				CLANG_WARN_DIRECT_OBJC_ISA_USAGE = YES_ERROR;
				CLANG_WARN_DOCUMENTATION_COMMENTS = YES;
				CLANG_WARN_EMPTY_BODY = YES;
				CLANG_WARN_ENUM_CONVERSION = YES;
				CLANG_WARN_INFINITE_RECURSION = YES;
				CLANG_WARN_INT_CONVERSION = YES;
				CLANG_WARN_NON_LITERAL_NULL_CONVERSION = YES;
				CLANG_WARN_OBJC_IMPLICIT_RETAIN_SELF = YES;
				CLANG_WARN_OBJC_LITERAL_CONVERSION = YES;
				CLANG_WARN_OBJC_ROOT_CLASS = YES_ERROR;
				CLANG_WARN_QUOTED_INCLUDE_IN_FRAMEWORK_HEADER = YES;
				CLANG_WARN_RANGE_LOOP_ANALYSIS = YES;
				CLANG_WARN_STRICT_PROTOTYPES = YES;
				CLANG_WARN_SUSPICIOUS_MOVE = YES;
				CLANG_WARN_UNGUARDED_AVAILABILITY = YES_AGGRESSIVE;
				CLANG_WARN_UNREACHABLE_CODE = YES;
				CLANG_WARN__DUPLICATE_METHOD_MATCH = YES;
				COPY_PHASE_STRIP = NO;
				DEBUG_INFORMATION_FORMAT = "dwarf-with-dsym";
				ENABLE_NS_ASSERTIONS = NO;
				ENABLE_STRICT_OBJC_MSGSEND = YES;
				GCC_C_LANGUAGE_STANDARD = gnu11;
				GCC_NO_COMMON_BLOCKS = YES;
				GCC_WARN_64_TO_32_BIT_CONVERSION = YES;
				GCC_WARN_ABOUT_RETURN_TYPE = YES_ERROR;
				GCC_WARN_UNDECLARED_SELECTOR = YES;
				GCC_WARN_UNINITIALIZED_AUTOS = YES_AGGRESSIVE;
				GCC_WARN_UNUSED_FUNCTION = YES;
				GCC_WARN_UNUSED_VARIABLE = YES;
				IPHONEOS_DEPLOYMENT_TARGET = 14.5;
				MTL_ENABLE_DEBUG_INFO = NO;
				MTL_FAST_MATH = YES;
				SDKROOT = iphoneos;
				SWIFT_COMPILATION_MODE = wholemodule;
				SWIFT_OPTIMIZATION_LEVEL = "-O";
				VALIDATE_PRODUCT = YES;
			};
			name = Release;
		};
		18F8804F2684DF30004C8B5B /* Debug */ = {
			isa = XCBuildConfiguration;
			buildSettings = {
				ASSETCATALOG_COMPILER_APPICON_NAME = AppIcon;
				ASSETCATALOG_COMPILER_GLOBAL_ACCENT_COLOR_NAME = AccentColor;
				CODE_SIGN_STYLE = Automatic;
				INFOPLIST_FILE = RestAPIDemo/Info.plist;
				IPHONEOS_DEPLOYMENT_TARGET = 14.5;
				LD_RUNPATH_SEARCH_PATHS = (
					"$(inherited)",
					"@executable_path/Frameworks",
				);
				PRODUCT_BUNDLE_IDENTIFIER = com.Tech030893.RestAPIDemo;
				PRODUCT_NAME = "$(TARGET_NAME)";
				SWIFT_VERSION = 5.0;
				TARGETED_DEVICE_FAMILY = "1,2";
			};
			name = Debug;
		};
		18F880502684DF30004C8B5B /* Release */ = {
			isa = XCBuildConfiguration;
			buildSettings = {
				ASSETCATALOG_COMPILER_APPICON_NAME = AppIcon;
				ASSETCATALOG_COMPILER_GLOBAL_ACCENT_COLOR_NAME = AccentColor;
				CODE_SIGN_STYLE = Automatic;
				INFOPLIST_FILE = RestAPIDemo/Info.plist;
				IPHONEOS_DEPLOYMENT_TARGET = 14.5;
				LD_RUNPATH_SEARCH_PATHS = (
					"$(inherited)",
					"@executable_path/Frameworks",
				);
				PRODUCT_BUNDLE_IDENTIFIER = com.Tech030893.RestAPIDemo;
				PRODUCT_NAME = "$(TARGET_NAME)";
				SWIFT_VERSION = 5.0;
				TARGETED_DEVICE_FAMILY = "1,2";
			};
			name = Release;
		};
/* End XCBuildConfiguration section */

/* Begin XCConfigurationList section */
		18F880352684DF2B004C8B5B /* Build configuration list for PBXProject "RestAPIDemo" */ = {
			isa = XCConfigurationList;
			buildConfigurations = (
				18F8804C2684DF30004C8B5B /* Debug */,
				18F8804D2684DF30004C8B5B /* Release */,
			);
			defaultConfigurationIsVisible = 0;
			defaultConfigurationName = Release;
		};
		18F8804E2684DF30004C8B5B /* Build configuration list for PBXNativeTarget "RestAPIDemo" */ = {
			isa = XCConfigurationList;
			buildConfigurations = (
				18F8804F2684DF30004C8B5B /* Debug */,
				18F880502684DF30004C8B5B /* Release */,
			);
			defaultConfigurationIsVisible = 0;
			defaultConfigurationName = Release;
		};
/* End XCConfigurationList section */
	};
	rootObject = 18F880322684DF2B004C8B5B /* Project object */;
}
